
Microsoft Visual Studio Solution File, Format Version 12.00
# Visual Studio 15
VisualStudioVersion = 15.0.27428.2015
MinimumVisualStudioVersion = 10.0.40219.1
Project("{FAE04EC0-301F-11D3-BF4B-00C04F79EFBC}") = "Higurashi_Installer_WPF", "Higurashi_Installer_WPF\Higurashi_Installer_WPF.csproj", "{426BC0D3-E906-4556-BEE2-E77E6E4E261B}"
EndProject
Global
	GlobalSection(SolutionConfigurationPlatforms) = preSolution
		Debug|Any CPU = Debug|Any CPU
		Release|Any CPU = Release|Any CPU
	EndGlobalSection
	GlobalSection(ProjectConfigurationPlatforms) = postSolution
		{426BC0D3-E906-4556-BEE2-E77E6E4E261B}.Debug|Any CPU.ActiveCfg = Debug|Any CPU
		{426BC0D3-E906-4556-BEE2-E77E6E4E261B}.Debug|Any CPU.Build.0 = Debug|Any CPU
		{426BC0D3-E906-4556-BEE2-E77E6E4E261B}.Release|Any CPU.ActiveCfg = Release|Any CPU
		{426BC0D3-E906-4556-BEE2-E77E6E4E261B}.Release|Any CPU.Build.0 = Release|Any CPU
	EndGlobalSection
	GlobalSection(SolutionProperties) = preSolution
		HideSolutionNode = FALSE
	EndGlobalSection
	GlobalSection(ExtensibilityGlobals) = postSolution
		SolutionGuid = {CAB2CD87-6BE7-449D-8483-1A744BF12545}
	EndGlobalSection
EndGlobal
